// !$*UTF8*$!
{
	archiveVersion = 1;
	classes = {
	};
	objectVersion = 46;
	objects = {

/* Begin PBXBuildFile section */
		02A3E9071EE896D700F9B98D /* AppDelegate.swift in Sources */ = {isa = PBXBuildFile; fileRef = 02A3E9061EE896D700F9B98D /* AppDelegate.swift */; };
		02A3E9091EE896D700F9B98D /* FirstViewController.swift in Sources */ = {isa = PBXBuildFile; fileRef = 02A3E9081EE896D700F9B98D /* FirstViewController.swift */; };
		02A3E90B1EE896D700F9B98D /* SocialViewController.swift in Sources */ = {isa = PBXBuildFile; fileRef = 02A3E90A1EE896D700F9B98D /* SocialViewController.swift */; };
		02A3E90E1EE896D700F9B98D /* Main.storyboard in Resources */ = {isa = PBXBuildFile; fileRef = 02A3E90C1EE896D700F9B98D /* Main.storyboard */; };
		02A3E9101EE896D700F9B98D /* Assets.xcassets in Resources */ = {isa = PBXBuildFile; fileRef = 02A3E90F1EE896D700F9B98D /* Assets.xcassets */; };
		02A3E9131EE896D700F9B98D /* LaunchScreen.storyboard in Resources */ = {isa = PBXBuildFile; fileRef = 02A3E9111EE896D700F9B98D /* LaunchScreen.storyboard */; };
		02A3E91E1EE896D700F9B98D /* CapitalOne_OnboardingTests.swift in Sources */ = {isa = PBXBuildFile; fileRef = 02A3E91D1EE896D700F9B98D /* CapitalOne_OnboardingTests.swift */; };
		02A3E9291EE896D800F9B98D /* CapitalOne_OnboardingUITests.swift in Sources */ = {isa = PBXBuildFile; fileRef = 02A3E9281EE896D800F9B98D /* CapitalOne_OnboardingUITests.swift */; };
		02A3E9371EE899F100F9B98D /* MainViewController.swift in Sources */ = {isa = PBXBuildFile; fileRef = 02A3E9361EE899F100F9B98D /* MainViewController.swift */; };
		02A3E9391EE8A56300F9B98D /* InternViewController.swift in Sources */ = {isa = PBXBuildFile; fileRef = 02A3E9381EE8A56300F9B98D /* InternViewController.swift */; };
		02A3E93B1EE8A74B00F9B98D /* MessagesViewController.swift in Sources */ = {isa = PBXBuildFile; fileRef = 02A3E93A1EE8A74B00F9B98D /* MessagesViewController.swift */; };
		02A3E93D1EE8A81800F9B98D /* AnnouncementsViewController.swift in Sources */ = {isa = PBXBuildFile; fileRef = 02A3E93C1EE8A81800F9B98D /* AnnouncementsViewController.swift */; };
/* End PBXBuildFile section */

/* Begin PBXContainerItemProxy section */
		02A3E91A1EE896D700F9B98D /* PBXContainerItemProxy */ = {
			isa = PBXContainerItemProxy;
			containerPortal = 02A3E8FB1EE896D700F9B98D /* Project object */;
			proxyType = 1;
			remoteGlobalIDString = 02A3E9021EE896D700F9B98D;
			remoteInfo = "CapitalOne Onboarding";
		};
		02A3E9251EE896D800F9B98D /* PBXContainerItemProxy */ = {
			isa = PBXContainerItemProxy;
			containerPortal = 02A3E8FB1EE896D700F9B98D /* Project object */;
			proxyType = 1;
			remoteGlobalIDString = 02A3E9021EE896D700F9B98D;
			remoteInfo = "CapitalOne Onboarding";
		};
/* End PBXContainerItemProxy section */

/* Begin PBXFileReference section */
		02A3E9031EE896D700F9B98D /* CapitalOne Onboarding.app */ = {isa = PBXFileReference; explicitFileType = wrapper.application; includeInIndex = 0; path = "CapitalOne Onboarding.app"; sourceTree = BUILT_PRODUCTS_DIR; };
		02A3E9061EE896D700F9B98D /* AppDelegate.swift */ = {isa = PBXFileReference; lastKnownFileType = sourcecode.swift; path = AppDelegate.swift; sourceTree = "<group>"; };
		02A3E9081EE896D700F9B98D /* FirstViewController.swift */ = {isa = PBXFileReference; lastKnownFileType = sourcecode.swift; path = FirstViewController.swift; sourceTree = "<group>"; };
		02A3E90A1EE896D700F9B98D /* SocialViewController.swift */ = {isa = PBXFileReference; lastKnownFileType = sourcecode.swift; path = SocialViewController.swift; sourceTree = "<group>"; };
		02A3E90D1EE896D700F9B98D /* Base */ = {isa = PBXFileReference; lastKnownFileType = file.storyboard; name = Base; path = Base.lproj/Main.storyboard; sourceTree = "<group>"; };
		02A3E90F1EE896D700F9B98D /* Assets.xcassets */ = {isa = PBXFileReference; lastKnownFileType = folder.assetcatalog; path = Assets.xcassets; sourceTree = "<group>"; };
		02A3E9121EE896D700F9B98D /* Base */ = {isa = PBXFileReference; lastKnownFileType = file.storyboard; name = Base; path = Base.lproj/LaunchScreen.storyboard; sourceTree = "<group>"; };
		02A3E9141EE896D700F9B98D /* Info.plist */ = {isa = PBXFileReference; lastKnownFileType = text.plist.xml; path = Info.plist; sourceTree = "<group>"; };
		02A3E9191EE896D700F9B98D /* CapitalOne OnboardingTests.xctest */ = {isa = PBXFileReference; explicitFileType = wrapper.cfbundle; includeInIndex = 0; path = "CapitalOne OnboardingTests.xctest"; sourceTree = BUILT_PRODUCTS_DIR; };
		02A3E91D1EE896D700F9B98D /* CapitalOne_OnboardingTests.swift */ = {isa = PBXFileReference; lastKnownFileType = sourcecode.swift; path = CapitalOne_OnboardingTests.swift; sourceTree = "<group>"; };
		02A3E91F1EE896D800F9B98D /* Info.plist */ = {isa = PBXFileReference; lastKnownFileType = text.plist.xml; path = Info.plist; sourceTree = "<group>"; };
		02A3E9241EE896D800F9B98D /* CapitalOne OnboardingUITests.xctest */ = {isa = PBXFileReference; explicitFileType = wrapper.cfbundle; includeInIndex = 0; path = "CapitalOne OnboardingUITests.xctest"; sourceTree = BUILT_PRODUCTS_DIR; };
		02A3E9281EE896D800F9B98D /* CapitalOne_OnboardingUITests.swift */ = {isa = PBXFileReference; lastKnownFileType = sourcecode.swift; path = CapitalOne_OnboardingUITests.swift; sourceTree = "<group>"; };
		02A3E92A1EE896D800F9B98D /* Info.plist */ = {isa = PBXFileReference; lastKnownFileType = text.plist.xml; path = Info.plist; sourceTree = "<group>"; };
		02A3E9361EE899F100F9B98D /* MainViewController.swift */ = {isa = PBXFileReference; fileEncoding = 4; lastKnownFileType = sourcecode.swift; path = MainViewController.swift; sourceTree = "<group>"; };
		02A3E9381EE8A56300F9B98D /* InternViewController.swift */ = {isa = PBXFileReference; fileEncoding = 4; lastKnownFileType = sourcecode.swift; path = InternViewController.swift; sourceTree = "<group>"; };
		02A3E93A1EE8A74B00F9B98D /* MessagesViewController.swift */ = {isa = PBXFileReference; fileEncoding = 4; lastKnownFileType = sourcecode.swift; path = MessagesViewController.swift; sourceTree = "<group>"; };
		02A3E93C1EE8A81800F9B98D /* AnnouncementsViewController.swift */ = {isa = PBXFileReference; fileEncoding = 4; lastKnownFileType = sourcecode.swift; path = AnnouncementsViewController.swift; sourceTree = "<group>"; };
/* End PBXFileReference section */

/* Begin PBXFrameworksBuildPhase section */
		02A3E9001EE896D700F9B98D /* Frameworks */ = {
			isa = PBXFrameworksBuildPhase;
			buildActionMask = 2147483647;
			files = (
			);
			runOnlyForDeploymentPostprocessing = 0;
		};
		02A3E9161EE896D700F9B98D /* Frameworks */ = {
			isa = PBXFrameworksBuildPhase;
			buildActionMask = 2147483647;
			files = (
			);
			runOnlyForDeploymentPostprocessing = 0;
		};
		02A3E9211EE896D800F9B98D /* Frameworks */ = {
			isa = PBXFrameworksBuildPhase;
			buildActionMask = 2147483647;
			files = (
			);
			runOnlyForDeploymentPostprocessing = 0;
		};
/* End PBXFrameworksBuildPhase section */

/* Begin PBXGroup section */
		02A3E8FA1EE896D700F9B98D = {
			isa = PBXGroup;
			children = (
				02A3E9051EE896D700F9B98D /* CapitalOne Onboarding */,
				02A3E91C1EE896D700F9B98D /* CapitalOne OnboardingTests */,
				02A3E9271EE896D800F9B98D /* CapitalOne OnboardingUITests */,
				02A3E9041EE896D700F9B98D /* Products */,
			);
			sourceTree = "<group>";
		};
		02A3E9041EE896D700F9B98D /* Products */ = {
			isa = PBXGroup;
			children = (
				02A3E9031EE896D700F9B98D /* CapitalOne Onboarding.app */,
				02A3E9191EE896D700F9B98D /* CapitalOne OnboardingTests.xctest */,
				02A3E9241EE896D800F9B98D /* CapitalOne OnboardingUITests.xctest */,
			);
			name = Products;
			sourceTree = "<group>";
		};
		02A3E9051EE896D700F9B98D /* CapitalOne Onboarding */ = {
			isa = PBXGroup;
			children = (
				02A3E9061EE896D700F9B98D /* AppDelegate.swift */,
				02A3E9361EE899F100F9B98D /* MainViewController.swift */,
				02A3E9081EE896D700F9B98D /* FirstViewController.swift */,
				02A3E90A1EE896D700F9B98D /* SocialViewController.swift */,
				02A3E90C1EE896D700F9B98D /* Main.storyboard */,
				02A3E93C1EE8A81800F9B98D /* AnnouncementsViewController.swift */,
				02A3E90F1EE896D700F9B98D /* Assets.xcassets */,
				02A3E9111EE896D700F9B98D /* LaunchScreen.storyboard */,
				02A3E9141EE896D700F9B98D /* Info.plist */,
				02A3E9381EE8A56300F9B98D /* InternViewController.swift */,
				02A3E93A1EE8A74B00F9B98D /* MessagesViewController.swift */,
			);
			path = "CapitalOne Onboarding";
			sourceTree = "<group>";
		};
		02A3E91C1EE896D700F9B98D /* CapitalOne OnboardingTests */ = {
			isa = PBXGroup;
			children = (
				02A3E91D1EE896D700F9B98D /* CapitalOne_OnboardingTests.swift */,
				02A3E91F1EE896D800F9B98D /* Info.plist */,
			);
			path = "CapitalOne OnboardingTests";
			sourceTree = "<group>";
		};
		02A3E9271EE896D800F9B98D /* CapitalOne OnboardingUITests */ = {
			isa = PBXGroup;
			children = (
				02A3E9281EE896D800F9B98D /* CapitalOne_OnboardingUITests.swift */,
				02A3E92A1EE896D800F9B98D /* Info.plist */,
			);
			path = "CapitalOne OnboardingUITests";
			sourceTree = "<group>";
		};
/* End PBXGroup section */

/* Begin PBXNativeTarget section */
		02A3E9021EE896D700F9B98D /* CapitalOne Onboarding */ = {
			isa = PBXNativeTarget;
			buildConfigurationList = 02A3E92D1EE896D800F9B98D /* Build configuration list for PBXNativeTarget "CapitalOne Onboarding" */;
			buildPhases = (
				02A3E8FF1EE896D700F9B98D /* Sources */,
				02A3E9001EE896D700F9B98D /* Frameworks */,
				02A3E9011EE896D700F9B98D /* Resources */,
			);
			buildRules = (
			);
			dependencies = (
			);
			name = "CapitalOne Onboarding";
			productName = "CapitalOne Onboarding";
			productReference = 02A3E9031EE896D700F9B98D /* CapitalOne Onboarding.app */;
			productType = "com.apple.product-type.application";
		};
		02A3E9181EE896D700F9B98D /* CapitalOne OnboardingTests */ = {
			isa = PBXNativeTarget;
			buildConfigurationList = 02A3E9301EE896D800F9B98D /* Build configuration list for PBXNativeTarget "CapitalOne OnboardingTests" */;
			buildPhases = (
				02A3E9151EE896D700F9B98D /* Sources */,
				02A3E9161EE896D700F9B98D /* Frameworks */,
				02A3E9171EE896D700F9B98D /* Resources */,
			);
			buildRules = (
			);
			dependencies = (
				02A3E91B1EE896D700F9B98D /* PBXTargetDependency */,
			);
			name = "CapitalOne OnboardingTests";
			productName = "CapitalOne OnboardingTests";
			productReference = 02A3E9191EE896D700F9B98D /* CapitalOne OnboardingTests.xctest */;
			productType = "com.apple.product-type.bundle.unit-test";
		};
		02A3E9231EE896D800F9B98D /* CapitalOne OnboardingUITests */ = {
			isa = PBXNativeTarget;
			buildConfigurationList = 02A3E9331EE896D800F9B98D /* Build configuration list for PBXNativeTarget "CapitalOne OnboardingUITests" */;
			buildPhases = (
				02A3E9201EE896D800F9B98D /* Sources */,
				02A3E9211EE896D800F9B98D /* Frameworks */,
				02A3E9221EE896D800F9B98D /* Resources */,
			);
			buildRules = (
			);
			dependencies = (
				02A3E9261EE896D800F9B98D /* PBXTargetDependency */,
			);
			name = "CapitalOne OnboardingUITests";
			productName = "CapitalOne OnboardingUITests";
			productReference = 02A3E9241EE896D800F9B98D /* CapitalOne OnboardingUITests.xctest */;
			productType = "com.apple.product-type.bundle.ui-testing";
		};
/* End PBXNativeTarget section */

/* Begin PBXProject section */
		02A3E8FB1EE896D700F9B98D /* Project object */ = {
			isa = PBXProject;
			attributes = {
				LastSwiftUpdateCheck = 0830;
				LastUpgradeCheck = 0830;
				ORGANIZATIONNAME = Herro;
				TargetAttributes = {
					02A3E9021EE896D700F9B98D = {
						CreatedOnToolsVersion = 8.3.3;
						DevelopmentTeam = Q69N5PK4PC;
						ProvisioningStyle = Automatic;
					};
					02A3E9181EE896D700F9B98D = {
						CreatedOnToolsVersion = 8.3.3;
						ProvisioningStyle = Automatic;
						TestTargetID = 02A3E9021EE896D700F9B98D;
					};
					02A3E9231EE896D800F9B98D = {
						CreatedOnToolsVersion = 8.3.3;
						ProvisioningStyle = Automatic;
						TestTargetID = 02A3E9021EE896D700F9B98D;
					};
				};
			};
			buildConfigurationList = 02A3E8FE1EE896D700F9B98D /* Build configuration list for PBXProject "CapitalOne Onboarding" */;
			compatibilityVersion = "Xcode 3.2";
			developmentRegion = English;
			hasScannedForEncodings = 0;
			knownRegions = (
				en,
				Base,
			);
			mainGroup = 02A3E8FA1EE896D700F9B98D;
			productRefGroup = 02A3E9041EE896D700F9B98D /* Products */;
			projectDirPath = "";
			projectRoot = "";
			targets = (
				02A3E9021EE896D700F9B98D /* CapitalOne Onboarding */,
				02A3E9181EE896D700F9B98D /* CapitalOne OnboardingTests */,
				02A3E9231EE896D800F9B98D /* CapitalOne OnboardingUITests */,
			);
		};
/* End PBXProject section */

/* Begin PBXResourcesBuildPhase section */
		02A3E9011EE896D700F9B98D /* Resources */ = {
			isa = PBXResourcesBuildPhase;
			buildActionMask = 2147483647;
			files = (
				02A3E9131EE896D700F9B98D /* LaunchScreen.storyboard in Resources */,
				02A3E9101EE896D700F9B98D /* Assets.xcassets in Resources */,
				02A3E90E1EE896D700F9B98D /* Main.storyboard in Resources */,
			);
			runOnlyForDeploymentPostprocessing = 0;
		};
		02A3E9171EE896D700F9B98D /* Resources */ = {
			isa = PBXResourcesBuildPhase;
			buildActionMask = 2147483647;
			files = (
			);
			runOnlyForDeploymentPostprocessing = 0;
		};
		02A3E9221EE896D800F9B98D /* Resources */ = {
			isa = PBXResourcesBuildPhase;
			buildActionMask = 2147483647;
			files = (
			);
			runOnlyForDeploymentPostprocessing = 0;
		};
/* End PBXResourcesBuildPhase section */

/* Begin PBXSourcesBuildPhase section */
		02A3E8FF1EE896D700F9B98D /* Sources */ = {
			isa = PBXSourcesBuildPhase;
			buildActionMask = 2147483647;
			files = (
				02A3E93D1EE8A81800F9B98D /* AnnouncementsViewController.swift in Sources */,
				02A3E93B1EE8A74B00F9B98D /* MessagesViewController.swift in Sources */,
				02A3E9391EE8A56300F9B98D /* InternViewController.swift in Sources */,
				02A3E90B1EE896D700F9B98D /* SocialViewController.swift in Sources */,
				02A3E9071EE896D700F9B98D /* AppDelegate.swift in Sources */,
				02A3E9091EE896D700F9B98D /* FirstViewController.swift in Sources */,
				02A3E9371EE899F100F9B98D /* MainViewController.swift in Sources */,
			);
			runOnlyForDeploymentPostprocessing = 0;
		};
		02A3E9151EE896D700F9B98D /* Sources */ = {
			isa = PBXSourcesBuildPhase;
			buildActionMask = 2147483647;
			files = (
				02A3E91E1EE896D700F9B98D /* CapitalOne_OnboardingTests.swift in Sources */,
			);
			runOnlyForDeploymentPostprocessing = 0;
		};
		02A3E9201EE896D800F9B98D /* Sources */ = {
			isa = PBXSourcesBuildPhase;
			buildActionMask = 2147483647;
			files = (
				02A3E9291EE896D800F9B98D /* CapitalOne_OnboardingUITests.swift in Sources */,
			);
			runOnlyForDeploymentPostprocessing = 0;
		};
/* End PBXSourcesBuildPhase section */

/* Begin PBXTargetDependency section */
		02A3E91B1EE896D700F9B98D /* PBXTargetDependency */ = {
			isa = PBXTargetDependency;
			target = 02A3E9021EE896D700F9B98D /* CapitalOne Onboarding */;
			targetProxy = 02A3E91A1EE896D700F9B98D /* PBXContainerItemProxy */;
		};
		02A3E9261EE896D800F9B98D /* PBXTargetDependency */ = {
			isa = PBXTargetDependency;
			target = 02A3E9021EE896D700F9B98D /* CapitalOne Onboarding */;
			targetProxy = 02A3E9251EE896D800F9B98D /* PBXContainerItemProxy */;
		};
/* End PBXTargetDependency section */

/* Begin PBXVariantGroup section */
		02A3E90C1EE896D700F9B98D /* Main.storyboard */ = {
			isa = PBXVariantGroup;
			children = (
				02A3E90D1EE896D700F9B98D /* Base */,
			);
			name = Main.storyboard;
			sourceTree = "<group>";
		};
		02A3E9111EE896D700F9B98D /* LaunchScreen.storyboard */ = {
			isa = PBXVariantGroup;
			children = (
				02A3E9121EE896D700F9B98D /* Base */,
			);
			name = LaunchScreen.storyboard;
			sourceTree = "<group>";
		};
/* End PBXVariantGroup section */

/* Begin XCBuildConfiguration section */
		02A3E92B1EE896D800F9B98D /* Debug */ = {
			isa = XCBuildConfiguration;
			buildSettings = {
				ALWAYS_SEARCH_USER_PATHS = NO;
				CLANG_ANALYZER_NONNULL = YES;
				CLANG_ANALYZER_NUMBER_OBJECT_CONVERSION = YES_AGGRESSIVE;
				CLANG_CXX_LANGUAGE_STANDARD = "gnu++0x";
				CLANG_CXX_LIBRARY = "libc++";
				CLANG_ENABLE_MODULES = YES;
				CLANG_ENABLE_OBJC_ARC = YES;
				CLANG_WARN_BOOL_CONVERSION = YES;
				CLANG_WARN_CONSTANT_CONVERSION = YES;
				CLANG_WARN_DIRECT_OBJC_ISA_USAGE = YES_ERROR;
				CLANG_WARN_DOCUMENTATION_COMMENTS = YES;
				CLANG_WARN_EMPTY_BODY = YES;
				CLANG_WARN_ENUM_CONVERSION = YES;
				CLANG_WARN_INFINITE_RECURSION = YES;
				CLANG_WARN_INT_CONVERSION = YES;
				CLANG_WARN_OBJC_ROOT_CLASS = YES_ERROR;
				CLANG_WARN_SUSPICIOUS_MOVE = YES;
				CLANG_WARN_UNREACHABLE_CODE = YES;
				CLANG_WARN__DUPLICATE_METHOD_MATCH = YES;
				"CODE_SIGN_IDENTITY[sdk=iphoneos*]" = "iPhone Developer";
				COPY_PHASE_STRIP = NO;
				DEBUG_INFORMATION_FORMAT = dwarf;
				ENABLE_STRICT_OBJC_MSGSEND = YES;
				ENABLE_TESTABILITY = YES;
				GCC_C_LANGUAGE_STANDARD = gnu99;
				GCC_DYNAMIC_NO_PIC = NO;
				GCC_NO_COMMON_BLOCKS = YES;
				GCC_OPTIMIZATION_LEVEL = 0;
				GCC_PREPROCESSOR_DEFINITIONS = (
					"DEBUG=1",
					"$(inherited)",
				);
				GCC_WARN_64_TO_32_BIT_CONVERSION = YES;
				GCC_WARN_ABOUT_RETURN_TYPE = YES_ERROR;
				GCC_WARN_UNDECLARED_SELECTOR = YES;
				GCC_WARN_UNINITIALIZED_AUTOS = YES_AGGRESSIVE;
				GCC_WARN_UNUSED_FUNCTION = YES;
				GCC_WARN_UNUSED_VARIABLE = YES;
				IPHONEOS_DEPLOYMENT_TARGET = 10.3;
				MTL_ENABLE_DEBUG_INFO = YES;
				ONLY_ACTIVE_ARCH = YES;
				SDKROOT = iphoneos;
				SWIFT_ACTIVE_COMPILATION_CONDITIONS = DEBUG;
				SWIFT_OPTIMIZATION_LEVEL = "-Onone";
				TARGETED_DEVICE_FAMILY = "1,2";
			};
			name = Debug;
		};
		02A3E92C1EE896D800F9B98D /* Release */ = {
			isa = XCBuildConfiguration;
			buildSettings = {
				ALWAYS_SEARCH_USER_PATHS = NO;
				CLANG_ANALYZER_NONNULL = YES;
				CLANG_ANALYZER_NUMBER_OBJECT_CONVERSION = YES_AGGRESSIVE;
				CLANG_CXX_LANGUAGE_STANDARD = "gnu++0x";
				CLANG_CXX_LIBRARY = "libc++";
				CLANG_ENABLE_MODULES = YES;
				CLANG_ENABLE_OBJC_ARC = YES;
				CLANG_WARN_BOOL_CONVERSION = YES;
				CLANG_WARN_CONSTANT_CONVERSION = YES;
				CLANG_WARN_DIRECT_OBJC_ISA_USAGE = YES_ERROR;
				CLANG_WARN_DOCUMENTATION_COMMENTS = YES;
				CLANG_WARN_EMPTY_BODY = YES;
				CLANG_WARN_ENUM_CONVERSION = YES;
				CLANG_WARN_INFINITE_RECURSION = YES;
				CLANG_WARN_INT_CONVERSION = YES;
				CLANG_WARN_OBJC_ROOT_CLASS = YES_ERROR;
				CLANG_WARN_SUSPICIOUS_MOVE = YES;
				CLANG_WARN_UNREACHABLE_CODE = YES;
				CLANG_WARN__DUPLICATE_METHOD_MATCH = YES;
				"CODE_SIGN_IDENTITY[sdk=iphoneos*]" = "iPhone Developer";
				COPY_PHASE_STRIP = NO;
				DEBUG_INFORMATION_FORMAT = "dwarf-with-dsym";
				ENABLE_NS_ASSERTIONS = NO;
				ENABLE_STRICT_OBJC_MSGSEND = YES;
				GCC_C_LANGUAGE_STANDARD = gnu99;
				GCC_NO_COMMON_BLOCKS = YES;
				GCC_WARN_64_TO_32_BIT_CONVERSION = YES;
				GCC_WARN_ABOUT_RETURN_TYPE = YES_ERROR;
				GCC_WARN_UNDECLARED_SELECTOR = YES;
				GCC_WARN_UNINITIALIZED_AUTOS = YES_AGGRESSIVE;
				GCC_WARN_UNUSED_FUNCTION = YES;
				GCC_WARN_UNUSED_VARIABLE = YES;
				IPHONEOS_DEPLOYMENT_TARGET = 10.3;
				MTL_ENABLE_DEBUG_INFO = NO;
				SDKROOT = iphoneos;
				SWIFT_OPTIMIZATION_LEVEL = "-Owholemodule";
				TARGETED_DEVICE_FAMILY = "1,2";
				VALIDATE_PRODUCT = YES;
			};
			name = Release;
		};
		02A3E92E1EE896D800F9B98D /* Debug */ = {
			isa = XCBuildConfiguration;
			buildSettings = {
				ASSETCATALOG_COMPILER_APPICON_NAME = AppIcon;
				DEVELOPMENT_TEAM = Q69N5PK4PC;
				INFOPLIST_FILE = "CapitalOne Onboarding/Info.plist";
				LD_RUNPATH_SEARCH_PATHS = "$(inherited) @executable_path/Frameworks";
				PRODUCT_BUNDLE_IDENTIFIER = "Herro.CapitalOne-Onboarding";
				PRODUCT_NAME = "$(TARGET_NAME)";
				SWIFT_VERSION = 3.0;
			};
			name = Debug;
		};
		02A3E92F1EE896D800F9B98D /* Release */ = {
			isa = XCBuildConfiguration;
			buildSettings = {
				ASSETCATALOG_COMPILER_APPICON_NAME = AppIcon;
				DEVELOPMENT_TEAM = Q69N5PK4PC;
				INFOPLIST_FILE = "CapitalOne Onboarding/Info.plist";
				LD_RUNPATH_SEARCH_PATHS = "$(inherited) @executable_path/Frameworks";
				PRODUCT_BUNDLE_IDENTIFIER = "Herro.CapitalOne-Onboarding";
				PRODUCT_NAME = "$(TARGET_NAME)";
				SWIFT_VERSION = 3.0;
			};
			name = Release;
		};
		02A3E9311EE896D800F9B98D /* Debug */ = {
			isa = XCBuildConfiguration;
			buildSettings = {
				ALWAYS_EMBED_SWIFT_STANDARD_LIBRARIES = YES;
				BUNDLE_LOADER = "$(TEST_HOST)";
				INFOPLIST_FILE = "CapitalOne OnboardingTests/Info.plist";
				LD_RUNPATH_SEARCH_PATHS = "$(inherited) @executable_path/Frameworks @loader_path/Frameworks";
				PRODUCT_BUNDLE_IDENTIFIER = "Herro.CapitalOne-OnboardingTests";
				PRODUCT_NAME = "$(TARGET_NAME)";
				SWIFT_VERSION = 3.0;
				TEST_HOST = "$(BUILT_PRODUCTS_DIR)/CapitalOne Onboarding.app/CapitalOne Onboarding";
			};
			name = Debug;
		};
		02A3E9321EE896D800F9B98D /* Release */ = {
			isa = XCBuildConfiguration;
			buildSettings = {
				ALWAYS_EMBED_SWIFT_STANDARD_LIBRARIES = YES;
				BUNDLE_LOADER = "$(TEST_HOST)";
				INFOPLIST_FILE = "CapitalOne OnboardingTests/Info.plist";
				LD_RUNPATH_SEARCH_PATHS = "$(inherited) @executable_path/Frameworks @loader_path/Frameworks";
				PRODUCT_BUNDLE_IDENTIFIER = "Herro.CapitalOne-OnboardingTests";
				PRODUCT_NAME = "$(TARGET_NAME)";
				SWIFT_VERSION = 3.0;
				TEST_HOST = "$(BUILT_PRODUCTS_DIR)/CapitalOne Onboarding.app/CapitalOne Onboarding";
			};
			name = Release;
		};
		02A3E9341EE896D800F9B98D /* Debug */ = {
			isa = XCBuildConfiguration;
			buildSettings = {
				ALWAYS_EMBED_SWIFT_STANDARD_LIBRARIES = YES;
				INFOPLIST_FILE = "CapitalOne OnboardingUITests/Info.plist";
				LD_RUNPATH_SEARCH_PATHS = "$(inherited) @executable_path/Frameworks @loader_path/Frameworks";
				PRODUCT_BUNDLE_IDENTIFIER = "Herro.CapitalOne-OnboardingUITests";
				PRODUCT_NAME = "$(TARGET_NAME)";
				SWIFT_VERSION = 3.0;
				TEST_TARGET_NAME = "CapitalOne Onboarding";
			};
			name = Debug;
		};
		02A3E9351EE896D800F9B98D /* Release */ = {
			isa = XCBuildConfiguration;
			buildSettings = {
				ALWAYS_EMBED_SWIFT_STANDARD_LIBRARIES = YES;
				INFOPLIST_FILE = "CapitalOne OnboardingUITests/Info.plist";
				LD_RUNPATH_SEARCH_PATHS = "$(inherited) @executable_path/Frameworks @loader_path/Frameworks";
				PRODUCT_BUNDLE_IDENTIFIER = "Herro.CapitalOne-OnboardingUITests";
				PRODUCT_NAME = "$(TARGET_NAME)";
				SWIFT_VERSION = 3.0;
				TEST_TARGET_NAME = "CapitalOne Onboarding";
			};
			name = Release;
		};
/* End XCBuildConfiguration section */

/* Begin XCConfigurationList section */
		02A3E8FE1EE896D700F9B98D /* Build configuration list for PBXProject "CapitalOne Onboarding" */ = {
			isa = XCConfigurationList;
			buildConfigurations = (
				02A3E92B1EE896D800F9B98D /* Debug */,
				02A3E92C1EE896D800F9B98D /* Release */,
			);
			defaultConfigurationIsVisible = 0;
			defaultConfigurationName = Release;
		};
		02A3E92D1EE896D800F9B98D /* Build configuration list for PBXNativeTarget "CapitalOne Onboarding" */ = {
			isa = XCConfigurationList;
			buildConfigurations = (
				02A3E92E1EE896D800F9B98D /* Debug */,
				02A3E92F1EE896D800F9B98D /* Release */,
			);
			defaultConfigurationIsVisible = 0;
		};
		02A3E9301EE896D800F9B98D /* Build configuration list for PBXNativeTarget "CapitalOne OnboardingTests" */ = {
			isa = XCConfigurationList;
			buildConfigurations = (
				02A3E9311EE896D800F9B98D /* Debug */,
				02A3E9321EE896D800F9B98D /* Release */,
			);
			defaultConfigurationIsVisible = 0;
		};
		02A3E9331EE896D800F9B98D /* Build configuration list for PBXNativeTarget "CapitalOne OnboardingUITests" */ = {
			isa = XCConfigurationList;
			buildConfigurations = (
				02A3E9341EE896D800F9B98D /* Debug */,
				02A3E9351EE896D800F9B98D /* Release */,
			);
			defaultConfigurationIsVisible = 0;
		};
/* End XCConfigurationList section */
	};
	rootObject = 02A3E8FB1EE896D700F9B98D /* Project object */;
}
