// !$*UTF8*$!
{
	archiveVersion = 1;
	classes = {
	};
	objectVersion = 46;
	objects = {

/* Begin PBXBuildFile section */
		02A3E9071EE896D700F9B98D /* AppDelegate.swift in Sources */ = {isa = PBXBuildFile; fileRef = 02A3E9061EE896D700F9B98D /* AppDelegate.swift */; };
		02A3E9091EE896D700F9B98D /* FirstViewController.swift in Sources */ = {isa = PBXBuildFile; fileRef = 02A3E9081EE896D700F9B98D /* FirstViewController.swift */; };
		02A3E90B1EE896D700F9B98D /* SocialViewController.swift in Sources */ = {isa = PBXBuildFile; fileRef = 02A3E90A1EE896D700F9B98D /* SocialViewController.swift */; };
		02A3E90E1EE896D700F9B98D /* Main.storyboard in Resources */ = {isa = PBXBuildFile; fileRef = 02A3E90C1EE896D700F9B98D /* Main.storyboard */; };
		02A3E9101EE896D700F9B98D /* Assets.xcassets in Resources */ = {isa = PBXBuildFile; fileRef = 02A3E90F1EE896D700F9B98D /* Assets.xcassets */; };
		02A3E9131EE896D700F9B98D /* LaunchScreen.storyboard in Resources */ = {isa = PBXBuildFile; fileRef = 02A3E9111EE896D700F9B98D /* LaunchScreen.storyboard */; };
		02A3E91E1EE896D700F9B98D /* CapitalOne_OnboardingTests.swift in Sources */ = {isa = PBXBuildFile; fileRef = 02A3E91D1EE896D700F9B98D /* CapitalOne_OnboardingTests.swift */; };
		02A3E9291EE896D800F9B98D /* CapitalOne_OnboardingUITests.swift in Sources */ = {isa = PBXBuildFile; fileRef = 02A3E9281EE896D800F9B98D /* CapitalOne_OnboardingUITests.swift */; };
		02A3E9371EE899F100F9B98D /* MainViewController.swift in Sources */ = {isa = PBXBuildFile; fileRef = 02A3E9361EE899F100F9B98D /* MainViewController.swift */; };
		02A3E9391EE8A56300F9B98D /* InternViewController.swift in Sources */ = {isa = PBXBuildFile; fileRef = 02A3E9381EE8A56300F9B98D /* InternViewController.swift */; };
		02A3E93B1EE8A74B00F9B98D /* MessagesViewController.swift in Sources */ = {isa = PBXBuildFile; fileRef = 02A3E93A1EE8A74B00F9B98D /* MessagesViewController.swift */; };
		02A3E93D1EE8A81800F9B98D /* AnnouncementsViewController.swift in Sources */ = {isa = PBXBuildFile; fileRef = 02A3E93C1EE8A81800F9B98D /* AnnouncementsViewController.swift */; };
		A99A37AAC2814E75FF2EB083 /* Pods_CapitalOne_OnboardingTests.framework in Frameworks */ = {isa = PBXBuildFile; fileRef = C1E4F00EA932EE1277ADFC3C /* Pods_CapitalOne_OnboardingTests.framework */; };
		B3CA65F59083A7D21B1480DA /* Pods_CapitalOne_OnboardingUITests.framework in Frameworks */ = {isa = PBXBuildFile; fileRef = D62FD1166CE3053FA37169C6 /* Pods_CapitalOne_OnboardingUITests.framework */; };
		E2AF1C63DCF64B15C75C3974 /* Pods_CapitalOne_Onboarding.framework in Frameworks */ = {isa = PBXBuildFile; fileRef = BFD0793308AB8BA8B4195464 /* Pods_CapitalOne_Onboarding.framework */; };
		E2D82BAD1EE9A67200C3E6CA /* GroceryItem.swift in Sources */ = {isa = PBXBuildFile; fileRef = E2D82BAB1EE9A67200C3E6CA /* GroceryItem.swift */; };
		E2D82BAE1EE9A67200C3E6CA /* User.swift in Sources */ = {isa = PBXBuildFile; fileRef = E2D82BAC1EE9A67200C3E6CA /* User.swift */; };
/* End PBXBuildFile section */

/* Begin PBXContainerItemProxy section */
		02A3E91A1EE896D700F9B98D /* PBXContainerItemProxy */ = {
			isa = PBXContainerItemProxy;
			containerPortal = 02A3E8FB1EE896D700F9B98D /* Project object */;
			proxyType = 1;
			remoteGlobalIDString = 02A3E9021EE896D700F9B98D;
			remoteInfo = "CapitalOne Onboarding";
		};
		02A3E9251EE896D800F9B98D /* PBXContainerItemProxy */ = {
			isa = PBXContainerItemProxy;
			containerPortal = 02A3E8FB1EE896D700F9B98D /* Project object */;
			proxyType = 1;
			remoteGlobalIDString = 02A3E9021EE896D700F9B98D;
			remoteInfo = "CapitalOne Onboarding";
		};
/* End PBXContainerItemProxy section */

/* Begin PBXFileReference section */
		02A3E9031EE896D700F9B98D /* CapitalOne Onboarding.app */ = {isa = PBXFileReference; explicitFileType = wrapper.application; includeInIndex = 0; path = "CapitalOne Onboarding.app"; sourceTree = BUILT_PRODUCTS_DIR; };
		02A3E9061EE896D700F9B98D /* AppDelegate.swift */ = {isa = PBXFileReference; lastKnownFileType = sourcecode.swift; path = AppDelegate.swift; sourceTree = "<group>"; };
		02A3E9081EE896D700F9B98D /* FirstViewController.swift */ = {isa = PBXFileReference; lastKnownFileType = sourcecode.swift; path = FirstViewController.swift; sourceTree = "<group>"; };
		02A3E90A1EE896D700F9B98D /* SocialViewController.swift */ = {isa = PBXFileReference; lastKnownFileType = sourcecode.swift; path = SocialViewController.swift; sourceTree = "<group>"; };
		02A3E90D1EE896D700F9B98D /* Base */ = {isa = PBXFileReference; lastKnownFileType = file.storyboard; name = Base; path = Base.lproj/Main.storyboard; sourceTree = "<group>"; };
		02A3E90F1EE896D700F9B98D /* Assets.xcassets */ = {isa = PBXFileReference; lastKnownFileType = folder.assetcatalog; path = Assets.xcassets; sourceTree = "<group>"; };
		02A3E9121EE896D700F9B98D /* Base */ = {isa = PBXFileReference; lastKnownFileType = file.storyboard; name = Base; path = Base.lproj/LaunchScreen.storyboard; sourceTree = "<group>"; };
		02A3E9141EE896D700F9B98D /* Info.plist */ = {isa = PBXFileReference; lastKnownFileType = text.plist.xml; path = Info.plist; sourceTree = "<group>"; };
		02A3E9191EE896D700F9B98D /* CapitalOne OnboardingTests.xctest */ = {isa = PBXFileReference; explicitFileType = wrapper.cfbundle; includeInIndex = 0; path = "CapitalOne OnboardingTests.xctest"; sourceTree = BUILT_PRODUCTS_DIR; };
		02A3E91D1EE896D700F9B98D /* CapitalOne_OnboardingTests.swift */ = {isa = PBXFileReference; lastKnownFileType = sourcecode.swift; path = CapitalOne_OnboardingTests.swift; sourceTree = "<group>"; };
		02A3E91F1EE896D800F9B98D /* Info.plist */ = {isa = PBXFileReference; lastKnownFileType = text.plist.xml; path = Info.plist; sourceTree = "<group>"; };
		02A3E9241EE896D800F9B98D /* CapitalOne OnboardingUITests.xctest */ = {isa = PBXFileReference; explicitFileType = wrapper.cfbundle; includeInIndex = 0; path = "CapitalOne OnboardingUITests.xctest"; sourceTree = BUILT_PRODUCTS_DIR; };
		02A3E9281EE896D800F9B98D /* CapitalOne_OnboardingUITests.swift */ = {isa = PBXFileReference; lastKnownFileType = sourcecode.swift; path = CapitalOne_OnboardingUITests.swift; sourceTree = "<group>"; };
		02A3E92A1EE896D800F9B98D /* Info.plist */ = {isa = PBXFileReference; lastKnownFileType = text.plist.xml; path = Info.plist; sourceTree = "<group>"; };
		02A3E9361EE899F100F9B98D /* MainViewController.swift */ = {isa = PBXFileReference; fileEncoding = 4; lastKnownFileType = sourcecode.swift; path = MainViewController.swift; sourceTree = "<group>"; };
		02A3E9381EE8A56300F9B98D /* InternViewController.swift */ = {isa = PBXFileReference; fileEncoding = 4; lastKnownFileType = sourcecode.swift; path = InternViewController.swift; sourceTree = "<group>"; };
		02A3E93A1EE8A74B00F9B98D /* MessagesViewController.swift */ = {isa = PBXFileReference; fileEncoding = 4; lastKnownFileType = sourcecode.swift; path = MessagesViewController.swift; sourceTree = "<group>"; };
		02A3E93C1EE8A81800F9B98D /* AnnouncementsViewController.swift */ = {isa = PBXFileReference; fileEncoding = 4; lastKnownFileType = sourcecode.swift; path = AnnouncementsViewController.swift; sourceTree = "<group>"; };
		3213272691BFF84CF0CC6067 /* Pods-CapitalOne Onboarding.release.xcconfig */ = {isa = PBXFileReference; includeInIndex = 1; lastKnownFileType = text.xcconfig; name = "Pods-CapitalOne Onboarding.release.xcconfig"; path = "Pods/Target Support Files/Pods-CapitalOne Onboarding/Pods-CapitalOne Onboarding.release.xcconfig"; sourceTree = "<group>"; };
		8F698F1EB39E8D6312D8CE58 /* Pods-CapitalOne OnboardingTests.release.xcconfig */ = {isa = PBXFileReference; includeInIndex = 1; lastKnownFileType = text.xcconfig; name = "Pods-CapitalOne OnboardingTests.release.xcconfig"; path = "Pods/Target Support Files/Pods-CapitalOne OnboardingTests/Pods-CapitalOne OnboardingTests.release.xcconfig"; sourceTree = "<group>"; };
		961D8DAC8CC7EA27706BBBB9 /* Pods-CapitalOne OnboardingUITests.release.xcconfig */ = {isa = PBXFileReference; includeInIndex = 1; lastKnownFileType = text.xcconfig; name = "Pods-CapitalOne OnboardingUITests.release.xcconfig"; path = "Pods/Target Support Files/Pods-CapitalOne OnboardingUITests/Pods-CapitalOne OnboardingUITests.release.xcconfig"; sourceTree = "<group>"; };
		BD3A62617D5B6737B8FF350B /* Pods-CapitalOne Onboarding.debug.xcconfig */ = {isa = PBXFileReference; includeInIndex = 1; lastKnownFileType = text.xcconfig; name = "Pods-CapitalOne Onboarding.debug.xcconfig"; path = "Pods/Target Support Files/Pods-CapitalOne Onboarding/Pods-CapitalOne Onboarding.debug.xcconfig"; sourceTree = "<group>"; };
		BFD0793308AB8BA8B4195464 /* Pods_CapitalOne_Onboarding.framework */ = {isa = PBXFileReference; explicitFileType = wrapper.framework; includeInIndex = 0; path = Pods_CapitalOne_Onboarding.framework; sourceTree = BUILT_PRODUCTS_DIR; };
		C1E4F00EA932EE1277ADFC3C /* Pods_CapitalOne_OnboardingTests.framework */ = {isa = PBXFileReference; explicitFileType = wrapper.framework; includeInIndex = 0; path = Pods_CapitalOne_OnboardingTests.framework; sourceTree = BUILT_PRODUCTS_DIR; };
		C53D483BD90B9852673274B8 /* Pods-CapitalOne OnboardingUITests.debug.xcconfig */ = {isa = PBXFileReference; includeInIndex = 1; lastKnownFileType = text.xcconfig; name = "Pods-CapitalOne OnboardingUITests.debug.xcconfig"; path = "Pods/Target Support Files/Pods-CapitalOne OnboardingUITests/Pods-CapitalOne OnboardingUITests.debug.xcconfig"; sourceTree = "<group>"; };
		D62FD1166CE3053FA37169C6 /* Pods_CapitalOne_OnboardingUITests.framework */ = {isa = PBXFileReference; explicitFileType = wrapper.framework; includeInIndex = 0; path = Pods_CapitalOne_OnboardingUITests.framework; sourceTree = BUILT_PRODUCTS_DIR; };
		DBA7EFA721BDE01794A4904D /* Pods-CapitalOne OnboardingTests.debug.xcconfig */ = {isa = PBXFileReference; includeInIndex = 1; lastKnownFileType = text.xcconfig; name = "Pods-CapitalOne OnboardingTests.debug.xcconfig"; path = "Pods/Target Support Files/Pods-CapitalOne OnboardingTests/Pods-CapitalOne OnboardingTests.debug.xcconfig"; sourceTree = "<group>"; };
		E2D82BAB1EE9A67200C3E6CA /* GroceryItem.swift */ = {isa = PBXFileReference; fileEncoding = 4; lastKnownFileType = sourcecode.swift; path = GroceryItem.swift; sourceTree = "<group>"; };
		E2D82BAC1EE9A67200C3E6CA /* User.swift */ = {isa = PBXFileReference; fileEncoding = 4; lastKnownFileType = sourcecode.swift; path = User.swift; sourceTree = "<group>"; };
/* End PBXFileReference section */

/* Begin PBXFrameworksBuildPhase section */
		02A3E9001EE896D700F9B98D /* Frameworks */ = {
			isa = PBXFrameworksBuildPhase;
			buildActionMask = 2147483647;
			files = (
				E2AF1C63DCF64B15C75C3974 /* Pods_CapitalOne_Onboarding.framework in Frameworks */,
			);
			runOnlyForDeploymentPostprocessing = 0;
		};
		02A3E9161EE896D700F9B98D /* Frameworks */ = {
			isa = PBXFrameworksBuildPhase;
			buildActionMask = 2147483647;
			files = (
				A99A37AAC2814E75FF2EB083 /* Pods_CapitalOne_OnboardingTests.framework in Frameworks */,
			);
			runOnlyForDeploymentPostprocessing = 0;
		};
		02A3E9211EE896D800F9B98D /* Frameworks */ = {
			isa = PBXFrameworksBuildPhase;
			buildActionMask = 2147483647;
			files = (
				B3CA65F59083A7D21B1480DA /* Pods_CapitalOne_OnboardingUITests.framework in Frameworks */,
			);
			runOnlyForDeploymentPostprocessing = 0;
		};
/* End PBXFrameworksBuildPhase section */

/* Begin PBXGroup section */
		02A3E8FA1EE896D700F9B98D = {
			isa = PBXGroup;
			children = (
				02A3E9051EE896D700F9B98D /* CapitalOne Onboarding */,
				02A3E91C1EE896D700F9B98D /* CapitalOne OnboardingTests */,
				02A3E9271EE896D800F9B98D /* CapitalOne OnboardingUITests */,
				02A3E9041EE896D700F9B98D /* Products */,
				DADE20C2B2CF93D9F875B8F2 /* Pods */,
				31FD298620E00A569897EC4A /* Frameworks */,
			);
			sourceTree = "<group>";
		};
		02A3E9041EE896D700F9B98D /* Products */ = {
			isa = PBXGroup;
			children = (
				02A3E9031EE896D700F9B98D /* CapitalOne Onboarding.app */,
				02A3E9191EE896D700F9B98D /* CapitalOne OnboardingTests.xctest */,
				02A3E9241EE896D800F9B98D /* CapitalOne OnboardingUITests.xctest */,
			);
			name = Products;
			sourceTree = "<group>";
		};
		02A3E9051EE896D700F9B98D /* CapitalOne Onboarding */ = {
			isa = PBXGroup;
			children = (
				E2D82BAA1EE9A65E00C3E6CA /* Models */,
				02A3E9061EE896D700F9B98D /* AppDelegate.swift */,
				02A3E9361EE899F100F9B98D /* MainViewController.swift */,
				02A3E9081EE896D700F9B98D /* FirstViewController.swift */,
				02A3E90A1EE896D700F9B98D /* SocialViewController.swift */,
				02A3E90C1EE896D700F9B98D /* Main.storyboard */,
				02A3E93C1EE8A81800F9B98D /* AnnouncementsViewController.swift */,
				02A3E90F1EE896D700F9B98D /* Assets.xcassets */,
				02A3E9111EE896D700F9B98D /* LaunchScreen.storyboard */,
				02A3E9141EE896D700F9B98D /* Info.plist */,
				02A3E9381EE8A56300F9B98D /* InternViewController.swift */,
				02A3E93A1EE8A74B00F9B98D /* MessagesViewController.swift */,
			);
			path = "CapitalOne Onboarding";
			sourceTree = "<group>";
		};
		02A3E91C1EE896D700F9B98D /* CapitalOne OnboardingTests */ = {
			isa = PBXGroup;
			children = (
				02A3E91D1EE896D700F9B98D /* CapitalOne_OnboardingTests.swift */,
				02A3E91F1EE896D800F9B98D /* Info.plist */,
			);
			path = "CapitalOne OnboardingTests";
			sourceTree = "<group>";
		};
		02A3E9271EE896D800F9B98D /* CapitalOne OnboardingUITests */ = {
			isa = PBXGroup;
			children = (
				02A3E9281EE896D800F9B98D /* CapitalOne_OnboardingUITests.swift */,
				02A3E92A1EE896D800F9B98D /* Info.plist */,
			);
			path = "CapitalOne OnboardingUITests";
			sourceTree = "<group>";
		};
		31FD298620E00A569897EC4A /* Frameworks */ = {
			isa = PBXGroup;
			children = (
				BFD0793308AB8BA8B4195464 /* Pods_CapitalOne_Onboarding.framework */,
				C1E4F00EA932EE1277ADFC3C /* Pods_CapitalOne_OnboardingTests.framework */,
				D62FD1166CE3053FA37169C6 /* Pods_CapitalOne_OnboardingUITests.framework */,
			);
			name = Frameworks;
			sourceTree = "<group>";
		};
		DADE20C2B2CF93D9F875B8F2 /* Pods */ = {
			isa = PBXGroup;
			children = (
				BD3A62617D5B6737B8FF350B /* Pods-CapitalOne Onboarding.debug.xcconfig */,
				3213272691BFF84CF0CC6067 /* Pods-CapitalOne Onboarding.release.xcconfig */,
				DBA7EFA721BDE01794A4904D /* Pods-CapitalOne OnboardingTests.debug.xcconfig */,
				8F698F1EB39E8D6312D8CE58 /* Pods-CapitalOne OnboardingTests.release.xcconfig */,
				C53D483BD90B9852673274B8 /* Pods-CapitalOne OnboardingUITests.debug.xcconfig */,
				961D8DAC8CC7EA27706BBBB9 /* Pods-CapitalOne OnboardingUITests.release.xcconfig */,
			);
			name = Pods;
			sourceTree = "<group>";
		};
		E2D82BAA1EE9A65E00C3E6CA /* Models */ = {
			isa = PBXGroup;
			children = (
				E2D82BAB1EE9A67200C3E6CA /* GroceryItem.swift */,
				E2D82BAC1EE9A67200C3E6CA /* User.swift */,
			);
			name = Models;
			path = ..;
			sourceTree = "<group>";
		};
/* End PBXGroup section */

/* Begin PBXNativeTarget section */
		02A3E9021EE896D700F9B98D /* CapitalOne Onboarding */ = {
			isa = PBXNativeTarget;
			buildConfigurationList = 02A3E92D1EE896D800F9B98D /* Build configuration list for PBXNativeTarget "CapitalOne Onboarding" */;
			buildPhases = (
				8AD8F888392984E493C303B6 /* [CP] Check Pods Manifest.lock */,
				02A3E8FF1EE896D700F9B98D /* Sources */,
				02A3E9001EE896D700F9B98D /* Frameworks */,
				02A3E9011EE896D700F9B98D /* Resources */,
				343842F36BBAD23B0514BCDA /* [CP] Embed Pods Frameworks */,
				C629C65F0B8338EBDFEE4655 /* [CP] Copy Pods Resources */,
			);
			buildRules = (
			);
			dependencies = (
			);
			name = "CapitalOne Onboarding";
			productName = "CapitalOne Onboarding";
			productReference = 02A3E9031EE896D700F9B98D /* CapitalOne Onboarding.app */;
			productType = "com.apple.product-type.application";
		};
		02A3E9181EE896D700F9B98D /* CapitalOne OnboardingTests */ = {
			isa = PBXNativeTarget;
			buildConfigurationList = 02A3E9301EE896D800F9B98D /* Build configuration list for PBXNativeTarget "CapitalOne OnboardingTests" */;
			buildPhases = (
				C0B31338496E523E40235CF2 /* [CP] Check Pods Manifest.lock */,
				02A3E9151EE896D700F9B98D /* Sources */,
				02A3E9161EE896D700F9B98D /* Frameworks */,
				02A3E9171EE896D700F9B98D /* Resources */,
				883A7EB5C79BD81EC5063278 /* [CP] Embed Pods Frameworks */,
				2D034AA0D075ADA73A6515E8 /* [CP] Copy Pods Resources */,
			);
			buildRules = (
			);
			dependencies = (
				02A3E91B1EE896D700F9B98D /* PBXTargetDependency */,
			);
			name = "CapitalOne OnboardingTests";
			productName = "CapitalOne OnboardingTests";
			productReference = 02A3E9191EE896D700F9B98D /* CapitalOne OnboardingTests.xctest */;
			productType = "com.apple.product-type.bundle.unit-test";
		};
		02A3E9231EE896D800F9B98D /* CapitalOne OnboardingUITests */ = {
			isa = PBXNativeTarget;
			buildConfigurationList = 02A3E9331EE896D800F9B98D /* Build configuration list for PBXNativeTarget "CapitalOne OnboardingUITests" */;
			buildPhases = (
				0BC83EF141F321E1A4D502AD /* [CP] Check Pods Manifest.lock */,
				02A3E9201EE896D800F9B98D /* Sources */,
				02A3E9211EE896D800F9B98D /* Frameworks */,
				02A3E9221EE896D800F9B98D /* Resources */,
				5178E572321FA23258C6BD6E /* [CP] Embed Pods Frameworks */,
				99FD19B721A5805940861787 /* [CP] Copy Pods Resources */,
			);
			buildRules = (
			);
			dependencies = (
				02A3E9261EE896D800F9B98D /* PBXTargetDependency */,
			);
			name = "CapitalOne OnboardingUITests";
			productName = "CapitalOne OnboardingUITests";
			productReference = 02A3E9241EE896D800F9B98D /* CapitalOne OnboardingUITests.xctest */;
			productType = "com.apple.product-type.bundle.ui-testing";
		};
/* End PBXNativeTarget section */

/* Begin PBXProject section */
		02A3E8FB1EE896D700F9B98D /* Project object */ = {
			isa = PBXProject;
			attributes = {
				LastSwiftUpdateCheck = 0830;
				LastUpgradeCheck = 0830;
				ORGANIZATIONNAME = Herro;
				TargetAttributes = {
					02A3E9021EE896D700F9B98D = {
						CreatedOnToolsVersion = 8.3.3;
						ProvisioningStyle = Automatic;
					};
					02A3E9181EE896D700F9B98D = {
						CreatedOnToolsVersion = 8.3.3;
						ProvisioningStyle = Automatic;
						TestTargetID = 02A3E9021EE896D700F9B98D;
					};
					02A3E9231EE896D800F9B98D = {
						CreatedOnToolsVersion = 8.3.3;
						ProvisioningStyle = Automatic;
						TestTargetID = 02A3E9021EE896D700F9B98D;
					};
				};
			};
			buildConfigurationList = 02A3E8FE1EE896D700F9B98D /* Build configuration list for PBXProject "CapitalOne Onboarding" */;
			compatibilityVersion = "Xcode 3.2";
			developmentRegion = English;
			hasScannedForEncodings = 0;
			knownRegions = (
				en,
				Base,
			);
			mainGroup = 02A3E8FA1EE896D700F9B98D;
			productRefGroup = 02A3E9041EE896D700F9B98D /* Products */;
			projectDirPath = "";
			projectRoot = "";
			targets = (
				02A3E9021EE896D700F9B98D /* CapitalOne Onboarding */,
				02A3E9181EE896D700F9B98D /* CapitalOne OnboardingTests */,
				02A3E9231EE896D800F9B98D /* CapitalOne OnboardingUITests */,
			);
		};
/* End PBXProject section */

/* Begin PBXResourcesBuildPhase section */
		02A3E9011EE896D700F9B98D /* Resources */ = {
			isa = PBXResourcesBuildPhase;
			buildActionMask = 2147483647;
			files = (
				02A3E9131EE896D700F9B98D /* LaunchScreen.storyboard in Resources */,
				02A3E9101EE896D700F9B98D /* Assets.xcassets in Resources */,
				02A3E90E1EE896D700F9B98D /* Main.storyboard in Resources */,
			);
			runOnlyForDeploymentPostprocessing = 0;
		};
		02A3E9171EE896D700F9B98D /* Resources */ = {
			isa = PBXResourcesBuildPhase;
			buildActionMask = 2147483647;
			files = (
			);
			runOnlyForDeploymentPostprocessing = 0;
		};
		02A3E9221EE896D800F9B98D /* Resources */ = {
			isa = PBXResourcesBuildPhase;
			buildActionMask = 2147483647;
			files = (
			);
			runOnlyForDeploymentPostprocessing = 0;
		};
/* End PBXResourcesBuildPhase section */

/* Begin PBXShellScriptBuildPhase section */
		0BC83EF141F321E1A4D502AD /* [CP] Check Pods Manifest.lock */ = {
			isa = PBXShellScriptBuildPhase;
			buildActionMask = 2147483647;
			files = (
			);
			inputPaths = (
			);
			name = "[CP] Check Pods Manifest.lock";
			outputPaths = (
			);
			runOnlyForDeploymentPostprocessing = 0;
			shellPath = /bin/sh;
			shellScript = "diff \"${PODS_PODFILE_DIR_PATH}/Podfile.lock\" \"${PODS_ROOT}/Manifest.lock\" > /dev/null\nif [ $? != 0 ] ; then\n    # print error to STDERR\n    echo \"error: The sandbox is not in sync with the Podfile.lock. Run 'pod install' or update your CocoaPods installation.\" >&2\n    exit 1\nfi\n";
			showEnvVarsInLog = 0;
		};
		2D034AA0D075ADA73A6515E8 /* [CP] Copy Pods Resources */ = {
			isa = PBXShellScriptBuildPhase;
			buildActionMask = 2147483647;
			files = (
			);
			inputPaths = (
			);
			name = "[CP] Copy Pods Resources";
			outputPaths = (
			);
			runOnlyForDeploymentPostprocessing = 0;
			shellPath = /bin/sh;
			shellScript = "\"${SRCROOT}/Pods/Target Support Files/Pods-CapitalOne OnboardingTests/Pods-CapitalOne OnboardingTests-resources.sh\"\n";
			showEnvVarsInLog = 0;
		};
		343842F36BBAD23B0514BCDA /* [CP] Embed Pods Frameworks */ = {
			isa = PBXShellScriptBuildPhase;
			buildActionMask = 2147483647;
			files = (
			);
			inputPaths = (
			);
			name = "[CP] Embed Pods Frameworks";
			outputPaths = (
			);
			runOnlyForDeploymentPostprocessing = 0;
			shellPath = /bin/sh;
			shellScript = "\"${SRCROOT}/Pods/Target Support Files/Pods-CapitalOne Onboarding/Pods-CapitalOne Onboarding-frameworks.sh\"\n";
			showEnvVarsInLog = 0;
		};
		5178E572321FA23258C6BD6E /* [CP] Embed Pods Frameworks */ = {
			isa = PBXShellScriptBuildPhase;
			buildActionMask = 2147483647;
			files = (
			);
			inputPaths = (
			);
			name = "[CP] Embed Pods Frameworks";
			outputPaths = (
			);
			runOnlyForDeploymentPostprocessing = 0;
			shellPath = /bin/sh;
			shellScript = "\"${SRCROOT}/Pods/Target Support Files/Pods-CapitalOne OnboardingUITests/Pods-CapitalOne OnboardingUITests-frameworks.sh\"\n";
			showEnvVarsInLog = 0;
		};
		883A7EB5C79BD81EC5063278 /* [CP] Embed Pods Frameworks */ = {
			isa = PBXShellScriptBuildPhase;
			buildActionMask = 2147483647;
			files = (
			);
			inputPaths = (
			);
			name = "[CP] Embed Pods Frameworks";
			outputPaths = (
			);
			runOnlyForDeploymentPostprocessing = 0;
			shellPath = /bin/sh;
			shellScript = "\"${SRCROOT}/Pods/Target Support Files/Pods-CapitalOne OnboardingTests/Pods-CapitalOne OnboardingTests-frameworks.sh\"\n";
			showEnvVarsInLog = 0;
		};
		8AD8F888392984E493C303B6 /* [CP] Check Pods Manifest.lock */ = {
			isa = PBXShellScriptBuildPhase;
			buildActionMask = 2147483647;
			files = (
			);
			inputPaths = (
			);
			name = "[CP] Check Pods Manifest.lock";
			outputPaths = (
			);
			runOnlyForDeploymentPostprocessing = 0;
			shellPath = /bin/sh;
			shellScript = "diff \"${PODS_PODFILE_DIR_PATH}/Podfile.lock\" \"${PODS_ROOT}/Manifest.lock\" > /dev/null\nif [ $? != 0 ] ; then\n    # print error to STDERR\n    echo \"error: The sandbox is not in sync with the Podfile.lock. Run 'pod install' or update your CocoaPods installation.\" >&2\n    exit 1\nfi\n";
			showEnvVarsInLog = 0;
		};
		99FD19B721A5805940861787 /* [CP] Copy Pods Resources */ = {
			isa = PBXShellScriptBuildPhase;
			buildActionMask = 2147483647;
			files = (
			);
			inputPaths = (
			);
			name = "[CP] Copy Pods Resources";
			outputPaths = (
			);
			runOnlyForDeploymentPostprocessing = 0;
			shellPath = /bin/sh;
			shellScript = "\"${SRCROOT}/Pods/Target Support Files/Pods-CapitalOne OnboardingUITests/Pods-CapitalOne OnboardingUITests-resources.sh\"\n";
			showEnvVarsInLog = 0;
		};
		C0B31338496E523E40235CF2 /* [CP] Check Pods Manifest.lock */ = {
			isa = PBXShellScriptBuildPhase;
			buildActionMask = 2147483647;
			files = (
			);
			inputPaths = (
			);
			name = "[CP] Check Pods Manifest.lock";
			outputPaths = (
			);
			runOnlyForDeploymentPostprocessing = 0;
			shellPath = /bin/sh;
			shellScript = "diff \"${PODS_PODFILE_DIR_PATH}/Podfile.lock\" \"${PODS_ROOT}/Manifest.lock\" > /dev/null\nif [ $? != 0 ] ; then\n    # print error to STDERR\n    echo \"error: The sandbox is not in sync with the Podfile.lock. Run 'pod install' or update your CocoaPods installation.\" >&2\n    exit 1\nfi\n";
			showEnvVarsInLog = 0;
		};
		C629C65F0B8338EBDFEE4655 /* [CP] Copy Pods Resources */ = {
			isa = PBXShellScriptBuildPhase;
			buildActionMask = 2147483647;
			files = (
			);
			inputPaths = (
			);
			name = "[CP] Copy Pods Resources";
			outputPaths = (
			);
			runOnlyForDeploymentPostprocessing = 0;
			shellPath = /bin/sh;
			shellScript = "\"${SRCROOT}/Pods/Target Support Files/Pods-CapitalOne Onboarding/Pods-CapitalOne Onboarding-resources.sh\"\n";
			showEnvVarsInLog = 0;
		};
/* End PBXShellScriptBuildPhase section */

/* Begin PBXSourcesBuildPhase section */
		02A3E8FF1EE896D700F9B98D /* Sources */ = {
			isa = PBXSourcesBuildPhase;
			buildActionMask = 2147483647;
			files = (
				02A3E93D1EE8A81800F9B98D /* AnnouncementsViewController.swift in Sources */,
				02A3E93B1EE8A74B00F9B98D /* MessagesViewController.swift in Sources */,
				02A3E9391EE8A56300F9B98D /* InternViewController.swift in Sources */,
				02A3E90B1EE896D700F9B98D /* SocialViewController.swift in Sources */,
				02A3E9071EE896D700F9B98D /* AppDelegate.swift in Sources */,
				E2D82BAE1EE9A67200C3E6CA /* User.swift in Sources */,
				02A3E9091EE896D700F9B98D /* FirstViewController.swift in Sources */,
				E2D82BAD1EE9A67200C3E6CA /* GroceryItem.swift in Sources */,
				02A3E9371EE899F100F9B98D /* MainViewController.swift in Sources */,
			);
			runOnlyForDeploymentPostprocessing = 0;
		};
		02A3E9151EE896D700F9B98D /* Sources */ = {
			isa = PBXSourcesBuildPhase;
			buildActionMask = 2147483647;
			files = (
				02A3E91E1EE896D700F9B98D /* CapitalOne_OnboardingTests.swift in Sources */,
			);
			runOnlyForDeploymentPostprocessing = 0;
		};
		02A3E9201EE896D800F9B98D /* Sources */ = {
			isa = PBXSourcesBuildPhase;
			buildActionMask = 2147483647;
			files = (
				02A3E9291EE896D800F9B98D /* CapitalOne_OnboardingUITests.swift in Sources */,
			);
			runOnlyForDeploymentPostprocessing = 0;
		};
/* End PBXSourcesBuildPhase section */

/* Begin PBXTargetDependency section */
		02A3E91B1EE896D700F9B98D /* PBXTargetDependency */ = {
			isa = PBXTargetDependency;
			target = 02A3E9021EE896D700F9B98D /* CapitalOne Onboarding */;
			targetProxy = 02A3E91A1EE896D700F9B98D /* PBXContainerItemProxy */;
		};
		02A3E9261EE896D800F9B98D /* PBXTargetDependency */ = {
			isa = PBXTargetDependency;
			target = 02A3E9021EE896D700F9B98D /* CapitalOne Onboarding */;
			targetProxy = 02A3E9251EE896D800F9B98D /* PBXContainerItemProxy */;
		};
/* End PBXTargetDependency section */

/* Begin PBXVariantGroup section */
		02A3E90C1EE896D700F9B98D /* Main.storyboard */ = {
			isa = PBXVariantGroup;
			children = (
				02A3E90D1EE896D700F9B98D /* Base */,
			);
			name = Main.storyboard;
			sourceTree = "<group>";
		};
		02A3E9111EE896D700F9B98D /* LaunchScreen.storyboard */ = {
			isa = PBXVariantGroup;
			children = (
				02A3E9121EE896D700F9B98D /* Base */,
			);
			name = LaunchScreen.storyboard;
			sourceTree = "<group>";
		};
/* End PBXVariantGroup section */

/* Begin XCBuildConfiguration section */
		02A3E92B1EE896D800F9B98D /* Debug */ = {
			isa = XCBuildConfiguration;
			buildSettings = {
				ALWAYS_SEARCH_USER_PATHS = NO;
				CLANG_ANALYZER_NONNULL = YES;
				CLANG_ANALYZER_NUMBER_OBJECT_CONVERSION = YES_AGGRESSIVE;
				CLANG_CXX_LANGUAGE_STANDARD = "gnu++0x";
				CLANG_CXX_LIBRARY = "libc++";
				CLANG_ENABLE_MODULES = YES;
				CLANG_ENABLE_OBJC_ARC = YES;
				CLANG_WARN_BOOL_CONVERSION = YES;
				CLANG_WARN_CONSTANT_CONVERSION = YES;
				CLANG_WARN_DIRECT_OBJC_ISA_USAGE = YES_ERROR;
				CLANG_WARN_DOCUMENTATION_COMMENTS = YES;
				CLANG_WARN_EMPTY_BODY = YES;
				CLANG_WARN_ENUM_CONVERSION = YES;
				CLANG_WARN_INFINITE_RECURSION = YES;
				CLANG_WARN_INT_CONVERSION = YES;
				CLANG_WARN_OBJC_ROOT_CLASS = YES_ERROR;
				CLANG_WARN_SUSPICIOUS_MOVE = YES;
				CLANG_WARN_UNREACHABLE_CODE = YES;
				CLANG_WARN__DUPLICATE_METHOD_MATCH = YES;
				"CODE_SIGN_IDENTITY[sdk=iphoneos*]" = "iPhone Developer";
				COPY_PHASE_STRIP = NO;
				DEBUG_INFORMATION_FORMAT = dwarf;
				ENABLE_STRICT_OBJC_MSGSEND = YES;
				ENABLE_TESTABILITY = YES;
				GCC_C_LANGUAGE_STANDARD = gnu99;
				GCC_DYNAMIC_NO_PIC = NO;
				GCC_NO_COMMON_BLOCKS = YES;
				GCC_OPTIMIZATION_LEVEL = 0;
				GCC_PREPROCESSOR_DEFINITIONS = (
					"DEBUG=1",
					"$(inherited)",
				);
				GCC_WARN_64_TO_32_BIT_CONVERSION = YES;
				GCC_WARN_ABOUT_RETURN_TYPE = YES_ERROR;
				GCC_WARN_UNDECLARED_SELECTOR = YES;
				GCC_WARN_UNINITIALIZED_AUTOS = YES_AGGRESSIVE;
				GCC_WARN_UNUSED_FUNCTION = YES;
				GCC_WARN_UNUSED_VARIABLE = YES;
				IPHONEOS_DEPLOYMENT_TARGET = 10.3;
				MTL_ENABLE_DEBUG_INFO = YES;
				ONLY_ACTIVE_ARCH = YES;
				SDKROOT = iphoneos;
				SWIFT_ACTIVE_COMPILATION_CONDITIONS = DEBUG;
				SWIFT_OPTIMIZATION_LEVEL = "-Onone";
				TARGETED_DEVICE_FAMILY = "1,2";
			};
			name = Debug;
		};
		02A3E92C1EE896D800F9B98D /* Release */ = {
			isa = XCBuildConfiguration;
			buildSettings = {
				ALWAYS_SEARCH_USER_PATHS = NO;
				CLANG_ANALYZER_NONNULL = YES;
				CLANG_ANALYZER_NUMBER_OBJECT_CONVERSION = YES_AGGRESSIVE;
				CLANG_CXX_LANGUAGE_STANDARD = "gnu++0x";
				CLANG_CXX_LIBRARY = "libc++";
				CLANG_ENABLE_MODULES = YES;
				CLANG_ENABLE_OBJC_ARC = YES;
				CLANG_WARN_BOOL_CONVERSION = YES;
				CLANG_WARN_CONSTANT_CONVERSION = YES;
				CLANG_WARN_DIRECT_OBJC_ISA_USAGE = YES_ERROR;
				CLANG_WARN_DOCUMENTATION_COMMENTS = YES;
				CLANG_WARN_EMPTY_BODY = YES;
				CLANG_WARN_ENUM_CONVERSION = YES;
				CLANG_WARN_INFINITE_RECURSION = YES;
				CLANG_WARN_INT_CONVERSION = YES;
				CLANG_WARN_OBJC_ROOT_CLASS = YES_ERROR;
				CLANG_WARN_SUSPICIOUS_MOVE = YES;
				CLANG_WARN_UNREACHABLE_CODE = YES;
				CLANG_WARN__DUPLICATE_METHOD_MATCH = YES;
				"CODE_SIGN_IDENTITY[sdk=iphoneos*]" = "iPhone Developer";
				COPY_PHASE_STRIP = NO;
				DEBUG_INFORMATION_FORMAT = "dwarf-with-dsym";
				ENABLE_NS_ASSERTIONS = NO;
				ENABLE_STRICT_OBJC_MSGSEND = YES;
				GCC_C_LANGUAGE_STANDARD = gnu99;
				GCC_NO_COMMON_BLOCKS = YES;
				GCC_WARN_64_TO_32_BIT_CONVERSION = YES;
				GCC_WARN_ABOUT_RETURN_TYPE = YES_ERROR;
				GCC_WARN_UNDECLARED_SELECTOR = YES;
				GCC_WARN_UNINITIALIZED_AUTOS = YES_AGGRESSIVE;
				GCC_WARN_UNUSED_FUNCTION = YES;
				GCC_WARN_UNUSED_VARIABLE = YES;
				IPHONEOS_DEPLOYMENT_TARGET = 10.3;
				MTL_ENABLE_DEBUG_INFO = NO;
				SDKROOT = iphoneos;
				SWIFT_OPTIMIZATION_LEVEL = "-Owholemodule";
				TARGETED_DEVICE_FAMILY = "1,2";
				VALIDATE_PRODUCT = YES;
			};
			name = Release;
		};
		02A3E92E1EE896D800F9B98D /* Debug */ = {
			isa = XCBuildConfiguration;
			baseConfigurationReference = BD3A62617D5B6737B8FF350B /* Pods-CapitalOne Onboarding.debug.xcconfig */;
			buildSettings = {
				ASSETCATALOG_COMPILER_APPICON_NAME = AppIcon;
				DEVELOPMENT_TEAM = "";
				INFOPLIST_FILE = "CapitalOne Onboarding/Info.plist";
				LD_RUNPATH_SEARCH_PATHS = "$(inherited) @executable_path/Frameworks";
				PRODUCT_BUNDLE_IDENTIFIER = "Herro.CapitalOne-Onboarding";
				PRODUCT_NAME = "$(TARGET_NAME)";
				SWIFT_VERSION = 3.0;
			};
			name = Debug;
		};
		02A3E92F1EE896D800F9B98D /* Release */ = {
			isa = XCBuildConfiguration;
			baseConfigurationReference = 3213272691BFF84CF0CC6067 /* Pods-CapitalOne Onboarding.release.xcconfig */;
			buildSettings = {
				ASSETCATALOG_COMPILER_APPICON_NAME = AppIcon;
				DEVELOPMENT_TEAM = "";
				INFOPLIST_FILE = "CapitalOne Onboarding/Info.plist";
				LD_RUNPATH_SEARCH_PATHS = "$(inherited) @executable_path/Frameworks";
				PRODUCT_BUNDLE_IDENTIFIER = "Herro.CapitalOne-Onboarding";
				PRODUCT_NAME = "$(TARGET_NAME)";
				SWIFT_VERSION = 3.0;
			};
			name = Release;
		};
		02A3E9311EE896D800F9B98D /* Debug */ = {
			isa = XCBuildConfiguration;
			baseConfigurationReference = DBA7EFA721BDE01794A4904D /* Pods-CapitalOne OnboardingTests.debug.xcconfig */;
			buildSettings = {
				ALWAYS_EMBED_SWIFT_STANDARD_LIBRARIES = YES;
				BUNDLE_LOADER = "$(TEST_HOST)";
				INFOPLIST_FILE = "CapitalOne OnboardingTests/Info.plist";
				LD_RUNPATH_SEARCH_PATHS = "$(inherited) @executable_path/Frameworks @loader_path/Frameworks";
				PRODUCT_BUNDLE_IDENTIFIER = "Herro.CapitalOne-OnboardingTests";
				PRODUCT_NAME = "$(TARGET_NAME)";
				SWIFT_VERSION = 3.0;
				TEST_HOST = "$(BUILT_PRODUCTS_DIR)/CapitalOne Onboarding.app/CapitalOne Onboarding";
			};
			name = Debug;
		};
		02A3E9321EE896D800F9B98D /* Release */ = {
			isa = XCBuildConfiguration;
			baseConfigurationReference = 8F698F1EB39E8D6312D8CE58 /* Pods-CapitalOne OnboardingTests.release.xcconfig */;
			buildSettings = {
				ALWAYS_EMBED_SWIFT_STANDARD_LIBRARIES = YES;
				BUNDLE_LOADER = "$(TEST_HOST)";
				INFOPLIST_FILE = "CapitalOne OnboardingTests/Info.plist";
				LD_RUNPATH_SEARCH_PATHS = "$(inherited) @executable_path/Frameworks @loader_path/Frameworks";
				PRODUCT_BUNDLE_IDENTIFIER = "Herro.CapitalOne-OnboardingTests";
				PRODUCT_NAME = "$(TARGET_NAME)";
				SWIFT_VERSION = 3.0;
				TEST_HOST = "$(BUILT_PRODUCTS_DIR)/CapitalOne Onboarding.app/CapitalOne Onboarding";
			};
			name = Release;
		};
		02A3E9341EE896D800F9B98D /* Debug */ = {
			isa = XCBuildConfiguration;
			baseConfigurationReference = C53D483BD90B9852673274B8 /* Pods-CapitalOne OnboardingUITests.debug.xcconfig */;
			buildSettings = {
				ALWAYS_EMBED_SWIFT_STANDARD_LIBRARIES = YES;
				INFOPLIST_FILE = "CapitalOne OnboardingUITests/Info.plist";
				LD_RUNPATH_SEARCH_PATHS = "$(inherited) @executable_path/Frameworks @loader_path/Frameworks";
				PRODUCT_BUNDLE_IDENTIFIER = "Herro.CapitalOne-OnboardingUITests";
				PRODUCT_NAME = "$(TARGET_NAME)";
				SWIFT_VERSION = 3.0;
				TEST_TARGET_NAME = "CapitalOne Onboarding";
			};
			name = Debug;
		};
		02A3E9351EE896D800F9B98D /* Release */ = {
			isa = XCBuildConfiguration;
			baseConfigurationReference = 961D8DAC8CC7EA27706BBBB9 /* Pods-CapitalOne OnboardingUITests.release.xcconfig */;
			buildSettings = {
				ALWAYS_EMBED_SWIFT_STANDARD_LIBRARIES = YES;
				INFOPLIST_FILE = "CapitalOne OnboardingUITests/Info.plist";
				LD_RUNPATH_SEARCH_PATHS = "$(inherited) @executable_path/Frameworks @loader_path/Frameworks";
				PRODUCT_BUNDLE_IDENTIFIER = "Herro.CapitalOne-OnboardingUITests";
				PRODUCT_NAME = "$(TARGET_NAME)";
				SWIFT_VERSION = 3.0;
				TEST_TARGET_NAME = "CapitalOne Onboarding";
			};
			name = Release;
		};
/* End XCBuildConfiguration section */

/* Begin XCConfigurationList section */
		02A3E8FE1EE896D700F9B98D /* Build configuration list for PBXProject "CapitalOne Onboarding" */ = {
			isa = XCConfigurationList;
			buildConfigurations = (
				02A3E92B1EE896D800F9B98D /* Debug */,
				02A3E92C1EE896D800F9B98D /* Release */,
			);
			defaultConfigurationIsVisible = 0;
			defaultConfigurationName = Release;
		};
		02A3E92D1EE896D800F9B98D /* Build configuration list for PBXNativeTarget "CapitalOne Onboarding" */ = {
			isa = XCConfigurationList;
			buildConfigurations = (
				02A3E92E1EE896D800F9B98D /* Debug */,
				02A3E92F1EE896D800F9B98D /* Release */,
			);
			defaultConfigurationIsVisible = 0;
			defaultConfigurationName = Release;
		};
		02A3E9301EE896D800F9B98D /* Build configuration list for PBXNativeTarget "CapitalOne OnboardingTests" */ = {
			isa = XCConfigurationList;
			buildConfigurations = (
				02A3E9311EE896D800F9B98D /* Debug */,
				02A3E9321EE896D800F9B98D /* Release */,
			);
			defaultConfigurationIsVisible = 0;
			defaultConfigurationName = Release;
		};
		02A3E9331EE896D800F9B98D /* Build configuration list for PBXNativeTarget "CapitalOne OnboardingUITests" */ = {
			isa = XCConfigurationList;
			buildConfigurations = (
				02A3E9341EE896D800F9B98D /* Debug */,
				02A3E9351EE896D800F9B98D /* Release */,
			);
			defaultConfigurationIsVisible = 0;
			defaultConfigurationName = Release;
		};
/* End XCConfigurationList section */
	};
	rootObject = 02A3E8FB1EE896D700F9B98D /* Project object */;
}
